<?xml version="1.0" encoding="utf-8"?>
<Project ToolsVersion="4.0" xmlns="http://schemas.microsoft.com/developer/msbuild/2003">
  <ItemGroup>
    <ClCompile Include="ClassA.cpp" />
    <ClCompile Include="ClassB.cpp" />
    <ClCompile Include="ClassC.cpp" />
    <ClCompile Include="MainClass.cpp" />
  </ItemGroup>
  <ItemGroup>
    <ClInclude Include="AmazonCode.h" />
    <ClInclude Include="AmazonTestRun.h" />
    <ClInclude Include="BitManipulationAlg.h" />
    <ClInclude Include="BucketSort.h" />
    <ClInclude Include="CardDeck.h" />
    <ClInclude Include="Cards.h" />
    <ClInclude Include="ClassA.h" />
    <ClInclude Include="ClassB.h" />
    <ClInclude Include="ClassC.h" />
    <ClInclude Include="CloneGraph.h" />
    <ClInclude Include="CodeChef.h" />
    <ClInclude Include="CyclicList.h" />
    <ClInclude Include="DataTypes.h" />
    <ClInclude Include="F350.h" />
    <ClInclude Include="Fibinocci.h" />
    <ClInclude Include="Graph.h" />
    <ClInclude Include="GraphNode.h" />
    <ClInclude Include="Heapsort.h" />
    <ClInclude Include="IVehicle.h" />
    <ClInclude Include="knapsack.h" />
    <ClInclude Include="LinkedListAlgorithms.h" />
    <ClInclude Include="ListNode.h" />
    <ClInclude Include="MainClass.h" />
    <ClInclude Include="Malloc.h" />
    <ClInclude Include="MergeSort.h" />
    <ClInclude Include="Palandromic.h" />
    <ClInclude Include="ParkingLot.h" />
    <ClInclude Include="ParkingSpot.h" />
    <ClInclude Include="Prius.h" />
    <ClInclude Include="QuickSort.h" />
    <ClInclude Include="RecursionAlgorithms.h" />
    <ClInclude Include="RegMatch.h" />
    <ClInclude Include="Simulator.h" />
    <ClInclude Include="SortingAlgorithms.h" />
    <ClInclude Include="StringAlgorithms.h" />
    <ClInclude Include="Tree.h" />
    <ClInclude Include="TreeGraphAlgorithms.h" />
    <ClInclude Include="TreeNode.h" />
    <ClInclude Include="Utilities.h" />
    <ClInclude Include="WarGame.h" />
    <ClInclude Include="Practice1.h" />
    <ClInclude Include="LinkedList_C.h" />
    <ClInclude Include="hackerrank.h" />
    <ClInclude Include="Practice2.h" />
    <ClInclude Include="CircleBuffer.h" />
    <ClInclude Include="MathProblems.h" />
    <ClInclude Include="EffectiveSets.h">
      <Filter>Codechef</Filter>
    </ClInclude>
    <ClInclude Include="alg_design_graph.h" />
    <ClInclude Include="SelectionAlgorithms.h" />
    <ClInclude Include="BucketSorting.h" />
    <ClInclude Include="DynamicProblems.h" />
    <ClInclude Include="BinarySearchProblems.h" />
    <ClInclude Include="GraphTypeProblems.h" />
    <ClInclude Include="ClassOverrides.h" />
    <ClInclude Include="MaxSumOfSequence.h" />
    <ClInclude Include="PascalsTriangle.h" />
    <ClInclude Include="LargestNumFromArray.h" />
    <ClInclude Include="KMPStringSearch.h" />
  </ItemGroup>
  <ItemGroup>
    <Filter Include="Codechef">
      <UniqueIdentifier>{802201ea-1c41-4955-ac98-b6765a53961d}</UniqueIdentifier>
    </Filter>
  </ItemGroup>
</Project>